
Microsoft Visual Studio Solution File, Format Version 12.00
# Visual Studio 14
VisualStudioVersion = 14.0.25123.0
MinimumVisualStudioVersion = 10.0.40219.1
Project("{FAE04EC0-301F-11D3-BF4B-00C04F79EFBC}") = "EvenTogether.Droid", "EvenTogether\EvenTogether.Droid\EvenTogether.Droid.csproj", "{23375800-5A81-4A34-A09C-76E38924C908}"
EndProject
Project("{FAE04EC0-301F-11D3-BF4B-00C04F79EFBC}") = "EvenTogether.iOS", "EvenTogether\EvenTogether.iOS\EvenTogether.iOS.csproj", "{1E014CA4-1949-4F7A-A97B-A351265AA616}"
EndProject
Project("{FAE04EC0-301F-11D3-BF4B-00C04F79EFBC}") = "EvenTogether.WinPhone", "EvenTogether\EvenTogether.WinPhone\EvenTogether.WinPhone.csproj", "{14413F6D-449C-4236-A2CF-2EC847752AFB}"
EndProject
Project("{FAE04EC0-301F-11D3-BF4B-00C04F79EFBC}") = "EvenTogether", "EvenTogether\EvenTogether\EvenTogether.csproj", "{11ACB6DE-F632-4663-A171-E6EF98F9F5CF}"
EndProject
Global
	GlobalSection(SolutionConfigurationPlatforms) = preSolution
		Ad-Hoc|Any CPU = Ad-Hoc|Any CPU
		Ad-Hoc|ARM = Ad-Hoc|ARM
		Ad-Hoc|iPhone = Ad-Hoc|iPhone
		Ad-Hoc|iPhoneSimulator = Ad-Hoc|iPhoneSimulator
		Ad-Hoc|x64 = Ad-Hoc|x64
		Ad-Hoc|x86 = Ad-Hoc|x86
		AppStore|Any CPU = AppStore|Any CPU
		AppStore|ARM = AppStore|ARM
		AppStore|iPhone = AppStore|iPhone
		AppStore|iPhoneSimulator = AppStore|iPhoneSimulator
		AppStore|x64 = AppStore|x64
		AppStore|x86 = AppStore|x86
		Debug|Any CPU = Debug|Any CPU
		Debug|ARM = Debug|ARM
		Debug|iPhone = Debug|iPhone
		Debug|iPhoneSimulator = Debug|iPhoneSimulator
		Debug|x64 = Debug|x64
		Debug|x86 = Debug|x86
		Release|Any CPU = Release|Any CPU
		Release|ARM = Release|ARM
		Release|iPhone = Release|iPhone
		Release|iPhoneSimulator = Release|iPhoneSimulator
		Release|x64 = Release|x64
		Release|x86 = Release|x86
	EndGlobalSection
	GlobalSection(ProjectConfigurationPlatforms) = postSolution
		{23375800-5A81-4A34-A09C-76E38924C908}.Ad-Hoc|Any CPU.ActiveCfg = Release|Any CPU
		{23375800-5A81-4A34-A09C-76E38924C908}.Ad-Hoc|Any CPU.Build.0 = Release|Any CPU
		{23375800-5A81-4A34-A09C-76E38924C908}.Ad-Hoc|Any CPU.Deploy.0 = Release|Any CPU
		{23375800-5A81-4A34-A09C-76E38924C908}.Ad-Hoc|ARM.ActiveCfg = Release|Any CPU
		{23375800-5A81-4A34-A09C-76E38924C908}.Ad-Hoc|ARM.Build.0 = Release|Any CPU
		{23375800-5A81-4A34-A09C-76E38924C908}.Ad-Hoc|ARM.Deploy.0 = Release|Any CPU
		{23375800-5A81-4A34-A09C-76E38924C908}.Ad-Hoc|iPhone.ActiveCfg = Release|Any CPU
		{23375800-5A81-4A34-A09C-76E38924C908}.Ad-Hoc|iPhone.Build.0 = Release|Any CPU
		{23375800-5A81-4A34-A09C-76E38924C908}.Ad-Hoc|iPhone.Deploy.0 = Release|Any CPU
		{23375800-5A81-4A34-A09C-76E38924C908}.Ad-Hoc|iPhoneSimulator.ActiveCfg = Release|Any CPU
		{23375800-5A81-4A34-A09C-76E38924C908}.Ad-Hoc|iPhoneSimulator.Build.0 = Release|Any CPU
		{23375800-5A81-4A34-A09C-76E38924C908}.Ad-Hoc|iPhoneSimulator.Deploy.0 = Release|Any CPU
		{23375800-5A81-4A34-A09C-76E38924C908}.Ad-Hoc|x64.ActiveCfg = Release|Any CPU
		{23375800-5A81-4A34-A09C-76E38924C908}.Ad-Hoc|x64.Build.0 = Release|Any CPU
		{23375800-5A81-4A34-A09C-76E38924C908}.Ad-Hoc|x64.Deploy.0 = Release|Any CPU
		{23375800-5A81-4A34-A09C-76E38924C908}.Ad-Hoc|x86.ActiveCfg = Release|Any CPU
		{23375800-5A81-4A34-A09C-76E38924C908}.Ad-Hoc|x86.Build.0 = Release|Any CPU
		{23375800-5A81-4A34-A09C-76E38924C908}.Ad-Hoc|x86.Deploy.0 = Release|Any CPU
		{23375800-5A81-4A34-A09C-76E38924C908}.AppStore|Any CPU.ActiveCfg = Release|Any CPU
		{23375800-5A81-4A34-A09C-76E38924C908}.AppStore|Any CPU.Build.0 = Release|Any CPU
		{23375800-5A81-4A34-A09C-76E38924C908}.AppStore|Any CPU.Deploy.0 = Release|Any CPU
		{23375800-5A81-4A34-A09C-76E38924C908}.AppStore|ARM.ActiveCfg = Release|Any CPU
		{23375800-5A81-4A34-A09C-76E38924C908}.AppStore|ARM.Build.0 = Release|Any CPU
		{23375800-5A81-4A34-A09C-76E38924C908}.AppStore|ARM.Deploy.0 = Release|Any CPU
		{23375800-5A81-4A34-A09C-76E38924C908}.AppStore|iPhone.ActiveCfg = Release|Any CPU
		{23375800-5A81-4A34-A09C-76E38924C908}.AppStore|iPhone.Build.0 = Release|Any CPU
		{23375800-5A81-4A34-A09C-76E38924C908}.AppStore|iPhone.Deploy.0 = Release|Any CPU
		{23375800-5A81-4A34-A09C-76E38924C908}.AppStore|iPhoneSimulator.ActiveCfg = Release|Any CPU
		{23375800-5A81-4A34-A09C-76E38924C908}.AppStore|iPhoneSimulator.Build.0 = Release|Any CPU
		{23375800-5A81-4A34-A09C-76E38924C908}.AppStore|iPhoneSimulator.Deploy.0 = Release|Any CPU
		{23375800-5A81-4A34-A09C-76E38924C908}.AppStore|x64.ActiveCfg = Release|Any CPU
		{23375800-5A81-4A34-A09C-76E38924C908}.AppStore|x64.Build.0 = Release|Any CPU
		{23375800-5A81-4A34-A09C-76E38924C908}.AppStore|x64.Deploy.0 = Release|Any CPU
		{23375800-5A81-4A34-A09C-76E38924C908}.AppStore|x86.ActiveCfg = Release|Any CPU
		{23375800-5A81-4A34-A09C-76E38924C908}.AppStore|x86.Build.0 = Release|Any CPU
		{23375800-5A81-4A34-A09C-76E38924C908}.AppStore|x86.Deploy.0 = Release|Any CPU
		{23375800-5A81-4A34-A09C-76E38924C908}.Debug|Any CPU.ActiveCfg = Debug|Any CPU
		{23375800-5A81-4A34-A09C-76E38924C908}.Debug|Any CPU.Build.0 = Debug|Any CPU
		{23375800-5A81-4A34-A09C-76E38924C908}.Debug|Any CPU.Deploy.0 = Debug|Any CPU
		{23375800-5A81-4A34-A09C-76E38924C908}.Debug|ARM.ActiveCfg = Debug|Any CPU
		{23375800-5A81-4A34-A09C-76E38924C908}.Debug|ARM.Build.0 = Debug|Any CPU
		{23375800-5A81-4A34-A09C-76E38924C908}.Debug|ARM.Deploy.0 = Debug|Any CPU
		{23375800-5A81-4A34-A09C-76E38924C908}.Debug|iPhone.ActiveCfg = Debug|Any CPU
		{23375800-5A81-4A34-A09C-76E38924C908}.Debug|iPhone.Build.0 = Debug|Any CPU
		{23375800-5A81-4A34-A09C-76E38924C908}.Debug|iPhone.Deploy.0 = Debug|Any CPU
		{23375800-5A81-4A34-A09C-76E38924C908}.Debug|iPhoneSimulator.ActiveCfg = Debug|Any CPU
		{23375800-5A81-4A34-A09C-76E38924C908}.Debug|iPhoneSimulator.Build.0 = Debug|Any CPU
		{23375800-5A81-4A34-A09C-76E38924C908}.Debug|iPhoneSimulator.Deploy.0 = Debug|Any CPU
		{23375800-5A81-4A34-A09C-76E38924C908}.Debug|x64.ActiveCfg = Debug|Any CPU
		{23375800-5A81-4A34-A09C-76E38924C908}.Debug|x64.Build.0 = Debug|Any CPU
		{23375800-5A81-4A34-A09C-76E38924C908}.Debug|x64.Deploy.0 = Debug|Any CPU
		{23375800-5A81-4A34-A09C-76E38924C908}.Debug|x86.ActiveCfg = Debug|Any CPU
		{23375800-5A81-4A34-A09C-76E38924C908}.Debug|x86.Build.0 = Debug|Any CPU
		{23375800-5A81-4A34-A09C-76E38924C908}.Debug|x86.Deploy.0 = Debug|Any CPU
		{23375800-5A81-4A34-A09C-76E38924C908}.Release|Any CPU.ActiveCfg = Release|Any CPU
		{23375800-5A81-4A34-A09C-76E38924C908}.Release|Any CPU.Build.0 = Release|Any CPU
		{23375800-5A81-4A34-A09C-76E38924C908}.Release|Any CPU.Deploy.0 = Release|Any CPU
		{23375800-5A81-4A34-A09C-76E38924C908}.Release|ARM.ActiveCfg = Release|Any CPU
		{23375800-5A81-4A34-A09C-76E38924C908}.Release|ARM.Build.0 = Release|Any CPU
		{23375800-5A81-4A34-A09C-76E38924C908}.Release|ARM.Deploy.0 = Release|Any CPU
		{23375800-5A81-4A34-A09C-76E38924C908}.Release|iPhone.ActiveCfg = Release|Any CPU
		{23375800-5A81-4A34-A09C-76E38924C908}.Release|iPhone.Build.0 = Release|Any CPU
		{23375800-5A81-4A34-A09C-76E38924C908}.Release|iPhone.Deploy.0 = Release|Any CPU
		{23375800-5A81-4A34-A09C-76E38924C908}.Release|iPhoneSimulator.ActiveCfg = Release|Any CPU
		{23375800-5A81-4A34-A09C-76E38924C908}.Release|iPhoneSimulator.Build.0 = Release|Any CPU
		{23375800-5A81-4A34-A09C-76E38924C908}.Release|iPhoneSimulator.Deploy.0 = Release|Any CPU
		{23375800-5A81-4A34-A09C-76E38924C908}.Release|x64.ActiveCfg = Release|Any CPU
		{23375800-5A81-4A34-A09C-76E38924C908}.Release|x64.Build.0 = Release|Any CPU
		{23375800-5A81-4A34-A09C-76E38924C908}.Release|x64.Deploy.0 = Release|Any CPU
		{23375800-5A81-4A34-A09C-76E38924C908}.Release|x86.ActiveCfg = Release|Any CPU
		{23375800-5A81-4A34-A09C-76E38924C908}.Release|x86.Build.0 = Release|Any CPU
		{23375800-5A81-4A34-A09C-76E38924C908}.Release|x86.Deploy.0 = Release|Any CPU
		{1E014CA4-1949-4F7A-A97B-A351265AA616}.Ad-Hoc|Any CPU.ActiveCfg = Ad-Hoc|iPhone
		{1E014CA4-1949-4F7A-A97B-A351265AA616}.Ad-Hoc|ARM.ActiveCfg = Ad-Hoc|iPhone
		{1E014CA4-1949-4F7A-A97B-A351265AA616}.Ad-Hoc|iPhone.ActiveCfg = Ad-Hoc|iPhone
		{1E014CA4-1949-4F7A-A97B-A351265AA616}.Ad-Hoc|iPhone.Build.0 = Ad-Hoc|iPhone
		{1E014CA4-1949-4F7A-A97B-A351265AA616}.Ad-Hoc|iPhoneSimulator.ActiveCfg = Ad-Hoc|iPhoneSimulator
		{1E014CA4-1949-4F7A-A97B-A351265AA616}.Ad-Hoc|iPhoneSimulator.Build.0 = Ad-Hoc|iPhoneSimulator
		{1E014CA4-1949-4F7A-A97B-A351265AA616}.Ad-Hoc|x64.ActiveCfg = Ad-Hoc|iPhone
		{1E014CA4-1949-4F7A-A97B-A351265AA616}.Ad-Hoc|x86.ActiveCfg = Ad-Hoc|iPhone
		{1E014CA4-1949-4F7A-A97B-A351265AA616}.AppStore|Any CPU.ActiveCfg = AppStore|iPhone
		{1E014CA4-1949-4F7A-A97B-A351265AA616}.AppStore|ARM.ActiveCfg = AppStore|iPhone
		{1E014CA4-1949-4F7A-A97B-A351265AA616}.AppStore|iPhone.ActiveCfg = AppStore|iPhone
		{1E014CA4-1949-4F7A-A97B-A351265AA616}.AppStore|iPhone.Build.0 = AppStore|iPhone
		{1E014CA4-1949-4F7A-A97B-A351265AA616}.AppStore|iPhoneSimulator.ActiveCfg = AppStore|iPhoneSimulator
		{1E014CA4-1949-4F7A-A97B-A351265AA616}.AppStore|iPhoneSimulator.Build.0 = AppStore|iPhoneSimulator
		{1E014CA4-1949-4F7A-A97B-A351265AA616}.AppStore|x64.ActiveCfg = AppStore|iPhone
		{1E014CA4-1949-4F7A-A97B-A351265AA616}.AppStore|x86.ActiveCfg = AppStore|iPhone
		{1E014CA4-1949-4F7A-A97B-A351265AA616}.Debug|Any CPU.ActiveCfg = Debug|iPhone
		{1E014CA4-1949-4F7A-A97B-A351265AA616}.Debug|ARM.ActiveCfg = Debug|iPhone
		{1E014CA4-1949-4F7A-A97B-A351265AA616}.Debug|iPhone.ActiveCfg = Debug|iPhone
		{1E014CA4-1949-4F7A-A97B-A351265AA616}.Debug|iPhone.Build.0 = Debug|iPhone
		{1E014CA4-1949-4F7A-A97B-A351265AA616}.Debug|iPhoneSimulator.ActiveCfg = Debug|iPhoneSimulator
		{1E014CA4-1949-4F7A-A97B-A351265AA616}.Debug|iPhoneSimulator.Build.0 = Debug|iPhoneSimulator
		{1E014CA4-1949-4F7A-A97B-A351265AA616}.Debug|x64.ActiveCfg = Debug|iPhone
		{1E014CA4-1949-4F7A-A97B-A351265AA616}.Debug|x86.ActiveCfg = Debug|iPhone
		{1E014CA4-1949-4F7A-A97B-A351265AA616}.Release|Any CPU.ActiveCfg = Release|iPhone
		{1E014CA4-1949-4F7A-A97B-A351265AA616}.Release|ARM.ActiveCfg = Release|iPhone
		{1E014CA4-1949-4F7A-A97B-A351265AA616}.Release|iPhone.ActiveCfg = Release|iPhone
		{1E014CA4-1949-4F7A-A97B-A351265AA616}.Release|iPhone.Build.0 = Release|iPhone
		{1E014CA4-1949-4F7A-A97B-A351265AA616}.Release|iPhoneSimulator.ActiveCfg = Release|iPhoneSimulator
		{1E014CA4-1949-4F7A-A97B-A351265AA616}.Release|iPhoneSimulator.Build.0 = Release|iPhoneSimulator
		{1E014CA4-1949-4F7A-A97B-A351265AA616}.Release|x64.ActiveCfg = Release|iPhone
		{1E014CA4-1949-4F7A-A97B-A351265AA616}.Release|x86.ActiveCfg = Release|iPhone
		{14413F6D-449C-4236-A2CF-2EC847752AFB}.Ad-Hoc|Any CPU.ActiveCfg = Release|Any CPU
		{14413F6D-449C-4236-A2CF-2EC847752AFB}.Ad-Hoc|Any CPU.Build.0 = Release|Any CPU
		{14413F6D-449C-4236-A2CF-2EC847752AFB}.Ad-Hoc|Any CPU.Deploy.0 = Release|Any CPU
		{14413F6D-449C-4236-A2CF-2EC847752AFB}.Ad-Hoc|ARM.ActiveCfg = Release|ARM
		{14413F6D-449C-4236-A2CF-2EC847752AFB}.Ad-Hoc|ARM.Build.0 = Release|ARM
		{14413F6D-449C-4236-A2CF-2EC847752AFB}.Ad-Hoc|ARM.Deploy.0 = Release|ARM
		{14413F6D-449C-4236-A2CF-2EC847752AFB}.Ad-Hoc|iPhone.ActiveCfg = Release|Any CPU
		{14413F6D-449C-4236-A2CF-2EC847752AFB}.Ad-Hoc|iPhone.Build.0 = Release|Any CPU
		{14413F6D-449C-4236-A2CF-2EC847752AFB}.Ad-Hoc|iPhone.Deploy.0 = Release|Any CPU
		{14413F6D-449C-4236-A2CF-2EC847752AFB}.Ad-Hoc|iPhoneSimulator.ActiveCfg = Release|Any CPU
		{14413F6D-449C-4236-A2CF-2EC847752AFB}.Ad-Hoc|iPhoneSimulator.Build.0 = Release|Any CPU
		{14413F6D-449C-4236-A2CF-2EC847752AFB}.Ad-Hoc|iPhoneSimulator.Deploy.0 = Release|Any CPU
		{14413F6D-449C-4236-A2CF-2EC847752AFB}.Ad-Hoc|x64.ActiveCfg = Release|Any CPU
		{14413F6D-449C-4236-A2CF-2EC847752AFB}.Ad-Hoc|x64.Build.0 = Release|Any CPU
		{14413F6D-449C-4236-A2CF-2EC847752AFB}.Ad-Hoc|x64.Deploy.0 = Release|Any CPU
		{14413F6D-449C-4236-A2CF-2EC847752AFB}.Ad-Hoc|x86.ActiveCfg = Release|x86
		{14413F6D-449C-4236-A2CF-2EC847752AFB}.Ad-Hoc|x86.Build.0 = Release|x86
		{14413F6D-449C-4236-A2CF-2EC847752AFB}.Ad-Hoc|x86.Deploy.0 = Release|x86
		{14413F6D-449C-4236-A2CF-2EC847752AFB}.AppStore|Any CPU.ActiveCfg = Release|Any CPU
		{14413F6D-449C-4236-A2CF-2EC847752AFB}.AppStore|Any CPU.Build.0 = Release|Any CPU
		{14413F6D-449C-4236-A2CF-2EC847752AFB}.AppStore|Any CPU.Deploy.0 = Release|Any CPU
		{14413F6D-449C-4236-A2CF-2EC847752AFB}.AppStore|ARM.ActiveCfg = Release|ARM
		{14413F6D-449C-4236-A2CF-2EC847752AFB}.AppStore|ARM.Build.0 = Release|ARM
		{14413F6D-449C-4236-A2CF-2EC847752AFB}.AppStore|ARM.Deploy.0 = Release|ARM
		{14413F6D-449C-4236-A2CF-2EC847752AFB}.AppStore|iPhone.ActiveCfg = Release|Any CPU
		{14413F6D-449C-4236-A2CF-2EC847752AFB}.AppStore|iPhone.Build.0 = Release|Any CPU
		{14413F6D-449C-4236-A2CF-2EC847752AFB}.AppStore|iPhone.Deploy.0 = Release|Any CPU
		{14413F6D-449C-4236-A2CF-2EC847752AFB}.AppStore|iPhoneSimulator.ActiveCfg = Release|Any CPU
		{14413F6D-449C-4236-A2CF-2EC847752AFB}.AppStore|iPhoneSimulator.Build.0 = Release|Any CPU
		{14413F6D-449C-4236-A2CF-2EC847752AFB}.AppStore|iPhoneSimulator.Deploy.0 = Release|Any CPU
		{14413F6D-449C-4236-A2CF-2EC847752AFB}.AppStore|x64.ActiveCfg = Release|Any CPU
		{14413F6D-449C-4236-A2CF-2EC847752AFB}.AppStore|x64.Build.0 = Release|Any CPU
		{14413F6D-449C-4236-A2CF-2EC847752AFB}.AppStore|x64.Deploy.0 = Release|Any CPU
		{14413F6D-449C-4236-A2CF-2EC847752AFB}.AppStore|x86.ActiveCfg = Release|x86
		{14413F6D-449C-4236-A2CF-2EC847752AFB}.AppStore|x86.Build.0 = Release|x86
		{14413F6D-449C-4236-A2CF-2EC847752AFB}.AppStore|x86.Deploy.0 = Release|x86
		{14413F6D-449C-4236-A2CF-2EC847752AFB}.Debug|Any CPU.ActiveCfg = Debug|Any CPU
		{14413F6D-449C-4236-A2CF-2EC847752AFB}.Debug|Any CPU.Build.0 = Debug|Any CPU
		{14413F6D-449C-4236-A2CF-2EC847752AFB}.Debug|Any CPU.Deploy.0 = Debug|Any CPU
		{14413F6D-449C-4236-A2CF-2EC847752AFB}.Debug|ARM.ActiveCfg = Debug|ARM
		{14413F6D-449C-4236-A2CF-2EC847752AFB}.Debug|ARM.Build.0 = Debug|ARM
		{14413F6D-449C-4236-A2CF-2EC847752AFB}.Debug|ARM.Deploy.0 = Debug|ARM
		{14413F6D-449C-4236-A2CF-2EC847752AFB}.Debug|iPhone.ActiveCfg = Debug|Any CPU
		{14413F6D-449C-4236-A2CF-2EC847752AFB}.Debug|iPhone.Build.0 = Debug|Any CPU
		{14413F6D-449C-4236-A2CF-2EC847752AFB}.Debug|iPhone.Deploy.0 = Debug|Any CPU
		{14413F6D-449C-4236-A2CF-2EC847752AFB}.Debug|iPhoneSimulator.ActiveCfg = Debug|Any CPU
		{14413F6D-449C-4236-A2CF-2EC847752AFB}.Debug|iPhoneSimulator.Build.0 = Debug|Any CPU
		{14413F6D-449C-4236-A2CF-2EC847752AFB}.Debug|iPhoneSimulator.Deploy.0 = Debug|Any CPU
		{14413F6D-449C-4236-A2CF-2EC847752AFB}.Debug|x64.ActiveCfg = Debug|Any CPU
		{14413F6D-449C-4236-A2CF-2EC847752AFB}.Debug|x64.Build.0 = Debug|Any CPU
		{14413F6D-449C-4236-A2CF-2EC847752AFB}.Debug|x64.Deploy.0 = Debug|Any CPU
		{14413F6D-449C-4236-A2CF-2EC847752AFB}.Debug|x86.ActiveCfg = Debug|x86
		{14413F6D-449C-4236-A2CF-2EC847752AFB}.Debug|x86.Build.0 = Debug|x86
		{14413F6D-449C-4236-A2CF-2EC847752AFB}.Debug|x86.Deploy.0 = Debug|x86
		{14413F6D-449C-4236-A2CF-2EC847752AFB}.Release|Any CPU.ActiveCfg = Release|Any CPU
		{14413F6D-449C-4236-A2CF-2EC847752AFB}.Release|Any CPU.Build.0 = Release|Any CPU
		{14413F6D-449C-4236-A2CF-2EC847752AFB}.Release|Any CPU.Deploy.0 = Release|Any CPU
		{14413F6D-449C-4236-A2CF-2EC847752AFB}.Release|ARM.ActiveCfg = Release|ARM
		{14413F6D-449C-4236-A2CF-2EC847752AFB}.Release|ARM.Build.0 = Release|ARM
		{14413F6D-449C-4236-A2CF-2EC847752AFB}.Release|ARM.Deploy.0 = Release|ARM
		{14413F6D-449C-4236-A2CF-2EC847752AFB}.Release|iPhone.ActiveCfg = Release|Any CPU
		{14413F6D-449C-4236-A2CF-2EC847752AFB}.Release|iPhone.Build.0 = Release|Any CPU
		{14413F6D-449C-4236-A2CF-2EC847752AFB}.Release|iPhone.Deploy.0 = Release|Any CPU
		{14413F6D-449C-4236-A2CF-2EC847752AFB}.Release|iPhoneSimulator.ActiveCfg = Release|Any CPU
		{14413F6D-449C-4236-A2CF-2EC847752AFB}.Release|iPhoneSimulator.Build.0 = Release|Any CPU
		{14413F6D-449C-4236-A2CF-2EC847752AFB}.Release|iPhoneSimulator.Deploy.0 = Release|Any CPU
		{14413F6D-449C-4236-A2CF-2EC847752AFB}.Release|x64.ActiveCfg = Release|Any CPU
		{14413F6D-449C-4236-A2CF-2EC847752AFB}.Release|x64.Build.0 = Release|Any CPU
		{14413F6D-449C-4236-A2CF-2EC847752AFB}.Release|x64.Deploy.0 = Release|Any CPU
		{14413F6D-449C-4236-A2CF-2EC847752AFB}.Release|x86.ActiveCfg = Release|x86
		{14413F6D-449C-4236-A2CF-2EC847752AFB}.Release|x86.Build.0 = Release|x86
		{14413F6D-449C-4236-A2CF-2EC847752AFB}.Release|x86.Deploy.0 = Release|x86
		{11ACB6DE-F632-4663-A171-E6EF98F9F5CF}.Ad-Hoc|Any CPU.ActiveCfg = Release|Any CPU
		{11ACB6DE-F632-4663-A171-E6EF98F9F5CF}.Ad-Hoc|Any CPU.Build.0 = Release|Any CPU
		{11ACB6DE-F632-4663-A171-E6EF98F9F5CF}.Ad-Hoc|ARM.ActiveCfg = Release|Any CPU
		{11ACB6DE-F632-4663-A171-E6EF98F9F5CF}.Ad-Hoc|ARM.Build.0 = Release|Any CPU
		{11ACB6DE-F632-4663-A171-E6EF98F9F5CF}.Ad-Hoc|iPhone.ActiveCfg = Release|Any CPU
		{11ACB6DE-F632-4663-A171-E6EF98F9F5CF}.Ad-Hoc|iPhone.Build.0 = Release|Any CPU
		{11ACB6DE-F632-4663-A171-E6EF98F9F5CF}.Ad-Hoc|iPhoneSimulator.ActiveCfg = Release|Any CPU
		{11ACB6DE-F632-4663-A171-E6EF98F9F5CF}.Ad-Hoc|iPhoneSimulator.Build.0 = Release|Any CPU
		{11ACB6DE-F632-4663-A171-E6EF98F9F5CF}.Ad-Hoc|x64.ActiveCfg = Release|Any CPU
		{11ACB6DE-F632-4663-A171-E6EF98F9F5CF}.Ad-Hoc|x64.Build.0 = Release|Any CPU
		{11ACB6DE-F632-4663-A171-E6EF98F9F5CF}.Ad-Hoc|x86.ActiveCfg = Release|Any CPU
		{11ACB6DE-F632-4663-A171-E6EF98F9F5CF}.Ad-Hoc|x86.Build.0 = Release|Any CPU
		{11ACB6DE-F632-4663-A171-E6EF98F9F5CF}.AppStore|Any CPU.ActiveCfg = Release|Any CPU
		{11ACB6DE-F632-4663-A171-E6EF98F9F5CF}.AppStore|Any CPU.Build.0 = Release|Any CPU
		{11ACB6DE-F632-4663-A171-E6EF98F9F5CF}.AppStore|ARM.ActiveCfg = Release|Any CPU
		{11ACB6DE-F632-4663-A171-E6EF98F9F5CF}.AppStore|ARM.Build.0 = Release|Any CPU
		{11ACB6DE-F632-4663-A171-E6EF98F9F5CF}.AppStore|iPhone.ActiveCfg = Release|Any CPU
		{11ACB6DE-F632-4663-A171-E6EF98F9F5CF}.AppStore|iPhone.Build.0 = Release|Any CPU
		{11ACB6DE-F632-4663-A171-E6EF98F9F5CF}.AppStore|iPhoneSimulator.ActiveCfg = Release|Any CPU
		{11ACB6DE-F632-4663-A171-E6EF98F9F5CF}.AppStore|iPhoneSimulator.Build.0 = Release|Any CPU
		{11ACB6DE-F632-4663-A171-E6EF98F9F5CF}.AppStore|x64.ActiveCfg = Release|Any CPU
		{11ACB6DE-F632-4663-A171-E6EF98F9F5CF}.AppStore|x64.Build.0 = Release|Any CPU
		{11ACB6DE-F632-4663-A171-E6EF98F9F5CF}.AppStore|x86.ActiveCfg = Release|Any CPU
		{11ACB6DE-F632-4663-A171-E6EF98F9F5CF}.AppStore|x86.Build.0 = Release|Any CPU
		{11ACB6DE-F632-4663-A171-E6EF98F9F5CF}.Debug|Any CPU.ActiveCfg = Debug|Any CPU
		{11ACB6DE-F632-4663-A171-E6EF98F9F5CF}.Debug|Any CPU.Build.0 = Debug|Any CPU
		{11ACB6DE-F632-4663-A171-E6EF98F9F5CF}.Debug|ARM.ActiveCfg = Debug|Any CPU
		{11ACB6DE-F632-4663-A171-E6EF98F9F5CF}.Debug|ARM.Build.0 = Debug|Any CPU
		{11ACB6DE-F632-4663-A171-E6EF98F9F5CF}.Debug|iPhone.ActiveCfg = Debug|Any CPU
		{11ACB6DE-F632-4663-A171-E6EF98F9F5CF}.Debug|iPhone.Build.0 = Debug|Any CPU
		{11ACB6DE-F632-4663-A171-E6EF98F9F5CF}.Debug|iPhoneSimulator.ActiveCfg = Debug|Any CPU
		{11ACB6DE-F632-4663-A171-E6EF98F9F5CF}.Debug|iPhoneSimulator.Build.0 = Debug|Any CPU
		{11ACB6DE-F632-4663-A171-E6EF98F9F5CF}.Debug|x64.ActiveCfg = Debug|Any CPU
		{11ACB6DE-F632-4663-A171-E6EF98F9F5CF}.Debug|x64.Build.0 = Debug|Any CPU
		{11ACB6DE-F632-4663-A171-E6EF98F9F5CF}.Debug|x86.ActiveCfg = Debug|Any CPU
		{11ACB6DE-F632-4663-A171-E6EF98F9F5CF}.Debug|x86.Build.0 = Debug|Any CPU
		{11ACB6DE-F632-4663-A171-E6EF98F9F5CF}.Release|Any CPU.ActiveCfg = Release|Any CPU
		{11ACB6DE-F632-4663-A171-E6EF98F9F5CF}.Release|Any CPU.Build.0 = Release|Any CPU
		{11ACB6DE-F632-4663-A171-E6EF98F9F5CF}.Release|ARM.ActiveCfg = Release|Any CPU
		{11ACB6DE-F632-4663-A171-E6EF98F9F5CF}.Release|ARM.Build.0 = Release|Any CPU
		{11ACB6DE-F632-4663-A171-E6EF98F9F5CF}.Release|iPhone.ActiveCfg = Release|Any CPU
		{11ACB6DE-F632-4663-A171-E6EF98F9F5CF}.Release|iPhone.Build.0 = Release|Any CPU
		{11ACB6DE-F632-4663-A171-E6EF98F9F5CF}.Release|iPhoneSimulator.ActiveCfg = Release|Any CPU
		{11ACB6DE-F632-4663-A171-E6EF98F9F5CF}.Release|iPhoneSimulator.Build.0 = Release|Any CPU
		{11ACB6DE-F632-4663-A171-E6EF98F9F5CF}.Release|x64.ActiveCfg = Release|Any CPU
		{11ACB6DE-F632-4663-A171-E6EF98F9F5CF}.Release|x64.Build.0 = Release|Any CPU
		{11ACB6DE-F632-4663-A171-E6EF98F9F5CF}.Release|x86.ActiveCfg = Release|Any CPU
		{11ACB6DE-F632-4663-A171-E6EF98F9F5CF}.Release|x86.Build.0 = Release|Any CPU
	EndGlobalSection
	GlobalSection(SolutionProperties) = preSolution
		HideSolutionNode = FALSE
	EndGlobalSection
EndGlobal
